
Microsoft Visual Studio Solution File, Format Version 12.00
# Visual Studio 2012
Project("{FAE04EC0-301F-11D3-BF4B-00C04F79EFBC}") = "User Control Panel Acitivity", "User Control Panel Acitivity\User Control Panel Acitivity.csproj", "{04CE42C1-C25F-4A6D-9468-B460B2FC71E7}"
EndProject
Global
	GlobalSection(SolutionConfigurationPlatforms) = preSolution
		Debug|Any CPU = Debug|Any CPU
		Release|Any CPU = Release|Any CPU
	EndGlobalSection
	GlobalSection(ProjectConfigurationPlatforms) = postSolution
		{04CE42C1-C25F-4A6D-9468-B460B2FC71E7}.Debug|Any CPU.ActiveCfg = Debug|Any CPU
		{04CE42C1-C25F-4A6D-9468-B460B2FC71E7}.Debug|Any CPU.Build.0 = Debug|Any CPU
		{04CE42C1-C25F-4A6D-9468-B460B2FC71E7}.Release|Any CPU.ActiveCfg = Release|Any CPU
		{04CE42C1-C25F-4A6D-9468-B460B2FC71E7}.Release|Any CPU.Build.0 = Release|Any CPU
	EndGlobalSection
	GlobalSection(SolutionProperties) = preSolution
		HideSolutionNode = FALSE
	EndGlobalSection
EndGlobal
